
Microsoft Visual Studio Solution File, Format Version 12.00
# Visual Studio Version 17
VisualStudioVersion = 17.0.32126.317
MinimumVisualStudioVersion = 10.0.40219.1
Project("{FAE04EC0-301F-11D3-BF4B-00C04F79EFBC}") = "MorseTalk", "MorseTalk\MorseTalk.csproj", "{C299EA2E-F0C1-4199-8D64-A2828B606850}"
EndProject
Global
	GlobalSection(SolutionConfigurationPlatforms) = preSolution
		Debug|Any CPU = Debug|Any CPU
		Release|Any CPU = Release|Any CPU
	EndGlobalSection
	GlobalSection(ProjectConfigurationPlatforms) = postSolution
		{C299EA2E-F0C1-4199-8D64-A2828B606850}.Debug|Any CPU.ActiveCfg = Debug|Any CPU
		{C299EA2E-F0C1-4199-8D64-A2828B606850}.Debug|Any CPU.Build.0 = Debug|Any CPU
		{C299EA2E-F0C1-4199-8D64-A2828B606850}.Release|Any CPU.ActiveCfg = Release|Any CPU
		{C299EA2E-F0C1-4199-8D64-A2828B606850}.Release|Any CPU.Build.0 = Release|Any CPU
	EndGlobalSection
	GlobalSection(SolutionProperties) = preSolution
		HideSolutionNode = FALSE
	EndGlobalSection
	GlobalSection(ExtensibilityGlobals) = postSolution
		SolutionGuid = {87A339FD-4660-4BC9-B77D-C118AE47271C}
	EndGlobalSection
EndGlobal
